
Microsoft Visual Studio Solution File, Format Version 12.00
# Visual Studio Version 17
VisualStudioVersion = 17.8.34525.116
MinimumVisualStudioVersion = 10.0.40219.1
Project("{FAE04EC0-301F-11D3-BF4B-00C04F79EFBC}") = "SRP2", "SRP2\SRP2.csproj", "{0F7EEE6B-15A5-408D-93E1-47E31C05546A}"
EndProject
Global
	GlobalSection(SolutionConfigurationPlatforms) = preSolution
		Debug|Any CPU = Debug|Any CPU
		Release|Any CPU = Release|Any CPU
	EndGlobalSection
	GlobalSection(ProjectConfigurationPlatforms) = postSolution
		{0F7EEE6B-15A5-408D-93E1-47E31C05546A}.Debug|Any CPU.ActiveCfg = Debug|Any CPU
		{0F7EEE6B-15A5-408D-93E1-47E31C05546A}.Debug|Any CPU.Build.0 = Debug|Any CPU
		{0F7EEE6B-15A5-408D-93E1-47E31C05546A}.Release|Any CPU.ActiveCfg = Release|Any CPU
		{0F7EEE6B-15A5-408D-93E1-47E31C05546A}.Release|Any CPU.Build.0 = Release|Any CPU
	EndGlobalSection
	GlobalSection(SolutionProperties) = preSolution
		HideSolutionNode = FALSE
	EndGlobalSection
	GlobalSection(ExtensibilityGlobals) = postSolution
		SolutionGuid = {F9801813-9D5F-4485-A1C8-2F81D1FD4973}
	EndGlobalSection
EndGlobal
